
Microsoft Visual Studio Solution File, Format Version 9.00
# Visual Studio 2005
Project("{E24C65DC-7377-472B-9ABA-BC803B73C61A}") = "http://localhost/DirectoryWebSvc/", "http://localhost/DirectoryWebSvc", "{7292DE1D-D19E-4485-9AB6-5C125292992C}"
	ProjectSection(WebsiteProperties) = preProject
		Debug.AspNetCompiler.VirtualPath = "/DirectoryWebSvc"
		Debug.AspNetCompiler.PhysicalPath = "C:\inetpub\wwwroot\DirectoryWebSvc\"
		Debug.AspNetCompiler.TargetPath = "PrecompiledWeb\DirectoryWebSvc\"
		Debug.AspNetCompiler.Updateable = "true"
		Debug.AspNetCompiler.ForceOverwrite = "true"
		Debug.AspNetCompiler.FixedNames = "false"
		Debug.AspNetCompiler.Debug = "True"
		Release.AspNetCompiler.VirtualPath = "/DirectoryWebSvc"
		Release.AspNetCompiler.PhysicalPath = "C:\inetpub\wwwroot\DirectoryWebSvc\"
		Release.AspNetCompiler.TargetPath = "PrecompiledWeb\DirectoryWebSvc\"
		Release.AspNetCompiler.Updateable = "true"
		Release.AspNetCompiler.ForceOverwrite = "true"
		Release.AspNetCompiler.FixedNames = "false"
		Release.AspNetCompiler.Debug = "False"
		SlnRelativePath = "C:\inetpub\wwwroot\DirectoryWebSvc\"
		DefaultWebSiteLanguage = "Visual C#"
	EndProjectSection
EndProject
Global
	GlobalSection(SolutionConfigurationPlatforms) = preSolution
		Debug|.NET = Debug|.NET
	EndGlobalSection
	GlobalSection(ProjectConfigurationPlatforms) = postSolution
		{7292DE1D-D19E-4485-9AB6-5C125292992C}.Debug|.NET.ActiveCfg = Debug|.NET
		{7292DE1D-D19E-4485-9AB6-5C125292992C}.Debug|.NET.Build.0 = Debug|.NET
	EndGlobalSection
	GlobalSection(SolutionProperties) = preSolution
		HideSolutionNode = FALSE
	EndGlobalSection
EndGlobal
